
Microsoft Visual Studio Solution File, Format Version 9.00
# Visual Studio 2005
Project("{FAE04EC0-301F-11D3-BF4B-00C04F79EFBC}") = "xmlBlasterTest", "xmlBlasterTest.csproj", "{6764CE42-F5CE-472C-AF7F-0462683884A2}"
EndProject
Project("{FAE04EC0-301F-11D3-BF4B-00C04F79EFBC}") = "Start", "Start.csproj", "{75FA6433-9CC1-4627-ACC6-5322DB7C252B}"
EndProject
Project("{FAE04EC0-301F-11D3-BF4B-00C04F79EFBC}") = "xmlBlasterCsharp", "..\..\..\Projects\Csharp\VC8\xmlBlasterCsharp\xmlBlasterCsharp.csproj", "{A663CACD-F797-49FE-B136-DEDE17BC5667}"
EndProject
Global
	GlobalSection(SolutionConfigurationPlatforms) = preSolution
		Debug|Any CPU = Debug|Any CPU
		Release|Any CPU = Release|Any CPU
	EndGlobalSection
	GlobalSection(ProjectConfigurationPlatforms) = postSolution
		{6764CE42-F5CE-472C-AF7F-0462683884A2}.Debug|Any CPU.ActiveCfg = Debug|Any CPU
		{6764CE42-F5CE-472C-AF7F-0462683884A2}.Debug|Any CPU.Build.0 = Debug|Any CPU
		{6764CE42-F5CE-472C-AF7F-0462683884A2}.Release|Any CPU.ActiveCfg = Release|Any CPU
		{6764CE42-F5CE-472C-AF7F-0462683884A2}.Release|Any CPU.Build.0 = Release|Any CPU
		{75FA6433-9CC1-4627-ACC6-5322DB7C252B}.Debug|Any CPU.ActiveCfg = Debug|Any CPU
		{75FA6433-9CC1-4627-ACC6-5322DB7C252B}.Debug|Any CPU.Build.0 = Debug|Any CPU
		{75FA6433-9CC1-4627-ACC6-5322DB7C252B}.Release|Any CPU.ActiveCfg = Release|Any CPU
		{75FA6433-9CC1-4627-ACC6-5322DB7C252B}.Release|Any CPU.Build.0 = Release|Any CPU
		{A663CACD-F797-49FE-B136-DEDE17BC5667}.Debug|Any CPU.ActiveCfg = Debug|Any CPU
		{A663CACD-F797-49FE-B136-DEDE17BC5667}.Debug|Any CPU.Build.0 = Debug|Any CPU
		{A663CACD-F797-49FE-B136-DEDE17BC5667}.Release|Any CPU.ActiveCfg = Release|Any CPU
		{A663CACD-F797-49FE-B136-DEDE17BC5667}.Release|Any CPU.Build.0 = Release|Any CPU
	EndGlobalSection
	GlobalSection(SolutionProperties) = preSolution
		HideSolutionNode = FALSE
	EndGlobalSection
EndGlobal
